// !$*UTF8*$!
{
	archiveVersion = 1;
	classes = {
	};
	objectVersion = 51;
	objects = {

/* Begin PBXBuildFile section */
		30BD71F2728AC876037CB4BD /* Pods_FlowerClass.framework in Frameworks */ = {isa = PBXBuildFile; fileRef = FAB95CF6C1E707F6B974C40E /* Pods_FlowerClass.framework */; };
		CA19E294248027EB00930B4B /* WikiData.swift in Sources */ = {isa = PBXBuildFile; fileRef = CA19E293248027EB00930B4B /* WikiData.swift */; };
		CA432B63247EB57F005D156B /* AppDelegate.swift in Sources */ = {isa = PBXBuildFile; fileRef = CA432B62247EB57F005D156B /* AppDelegate.swift */; };
		CA432B65247EB57F005D156B /* SceneDelegate.swift in Sources */ = {isa = PBXBuildFile; fileRef = CA432B64247EB57F005D156B /* SceneDelegate.swift */; };
		CA432B67247EB57F005D156B /* ViewController.swift in Sources */ = {isa = PBXBuildFile; fileRef = CA432B66247EB57F005D156B /* ViewController.swift */; };
		CA432B6A247EB57F005D156B /* Main.storyboard in Resources */ = {isa = PBXBuildFile; fileRef = CA432B68247EB57F005D156B /* Main.storyboard */; };
		CA432B6C247EB584005D156B /* Assets.xcassets in Resources */ = {isa = PBXBuildFile; fileRef = CA432B6B247EB584005D156B /* Assets.xcassets */; };
		CA432B6F247EB584005D156B /* LaunchScreen.storyboard in Resources */ = {isa = PBXBuildFile; fileRef = CA432B6D247EB584005D156B /* LaunchScreen.storyboard */; };
		CA91D79D247EEB820041465D /* Capitaliser.swift in Sources */ = {isa = PBXBuildFile; fileRef = CA91D79C247EEB820041465D /* Capitaliser.swift */; };
		CAA34A5B2482B10D00111BC8 /* WikiResults.swift in Sources */ = {isa = PBXBuildFile; fileRef = CAA34A5A2482B10D00111BC8 /* WikiResults.swift */; };
		CAADAAD92481845C0063F989 /* FlowerModel.swift in Sources */ = {isa = PBXBuildFile; fileRef = CAADAAD82481845C0063F989 /* FlowerModel.swift */; };
		FD658CA7260636850055759E /* FlowerClassifier.mlmodel in Sources */ = {isa = PBXBuildFile; fileRef = FD658CA6260636850055759E /* FlowerClassifier.mlmodel */; };
/* End PBXBuildFile section */

/* Begin PBXFileReference section */
		00BFE5ADD15D93F2D51E37F1 /* Pods-FlowerClass.debug.xcconfig */ = {isa = PBXFileReference; includeInIndex = 1; lastKnownFileType = text.xcconfig; name = "Pods-FlowerClass.debug.xcconfig"; path = "Target Support Files/Pods-FlowerClass/Pods-FlowerClass.debug.xcconfig"; sourceTree = "<group>"; };
		CA19E293248027EB00930B4B /* WikiData.swift */ = {isa = PBXFileReference; lastKnownFileType = sourcecode.swift; path = WikiData.swift; sourceTree = "<group>"; };
		CA432B5F247EB57F005D156B /* FlowerClass.app */ = {isa = PBXFileReference; explicitFileType = wrapper.application; includeInIndex = 0; path = FlowerClass.app; sourceTree = BUILT_PRODUCTS_DIR; };
		CA432B62247EB57F005D156B /* AppDelegate.swift */ = {isa = PBXFileReference; lastKnownFileType = sourcecode.swift; path = AppDelegate.swift; sourceTree = "<group>"; };
		CA432B64247EB57F005D156B /* SceneDelegate.swift */ = {isa = PBXFileReference; lastKnownFileType = sourcecode.swift; path = SceneDelegate.swift; sourceTree = "<group>"; };
		CA432B66247EB57F005D156B /* ViewController.swift */ = {isa = PBXFileReference; lastKnownFileType = sourcecode.swift; path = ViewController.swift; sourceTree = "<group>"; };
		CA432B69247EB57F005D156B /* Base */ = {isa = PBXFileReference; lastKnownFileType = file.storyboard; name = Base; path = Base.lproj/Main.storyboard; sourceTree = "<group>"; };
		CA432B6B247EB584005D156B /* Assets.xcassets */ = {isa = PBXFileReference; lastKnownFileType = folder.assetcatalog; path = Assets.xcassets; sourceTree = "<group>"; };
		CA432B6E247EB584005D156B /* Base */ = {isa = PBXFileReference; lastKnownFileType = file.storyboard; name = Base; path = Base.lproj/LaunchScreen.storyboard; sourceTree = "<group>"; };
		CA432B70247EB584005D156B /* Info.plist */ = {isa = PBXFileReference; lastKnownFileType = text.plist.xml; path = Info.plist; sourceTree = "<group>"; };
		CA91D79C247EEB820041465D /* Capitaliser.swift */ = {isa = PBXFileReference; lastKnownFileType = sourcecode.swift; path = Capitaliser.swift; sourceTree = "<group>"; };
		CAA34A5A2482B10D00111BC8 /* WikiResults.swift */ = {isa = PBXFileReference; lastKnownFileType = sourcecode.swift; path = WikiResults.swift; sourceTree = "<group>"; };
		CAADAAD82481845C0063F989 /* FlowerModel.swift */ = {isa = PBXFileReference; lastKnownFileType = sourcecode.swift; path = FlowerModel.swift; sourceTree = "<group>"; };
		F744AA2759474105D2DC550B /* Pods-FlowerClass.release.xcconfig */ = {isa = PBXFileReference; includeInIndex = 1; lastKnownFileType = text.xcconfig; name = "Pods-FlowerClass.release.xcconfig"; path = "Target Support Files/Pods-FlowerClass/Pods-FlowerClass.release.xcconfig"; sourceTree = "<group>"; };
		FAB95CF6C1E707F6B974C40E /* Pods_FlowerClass.framework */ = {isa = PBXFileReference; explicitFileType = wrapper.framework; includeInIndex = 0; path = Pods_FlowerClass.framework; sourceTree = BUILT_PRODUCTS_DIR; };
		FD658CA6260636850055759E /* FlowerClassifier.mlmodel */ = {isa = PBXFileReference; lastKnownFileType = file.mlmodel; path = FlowerClassifier.mlmodel; sourceTree = SOURCE_ROOT; };
/* End PBXFileReference section */

/* Begin PBXFrameworksBuildPhase section */
		CA432B5C247EB57F005D156B /* Frameworks */ = {
			isa = PBXFrameworksBuildPhase;
			buildActionMask = 2147483647;
			files = (
				30BD71F2728AC876037CB4BD /* Pods_FlowerClass.framework in Frameworks */,
			);
			runOnlyForDeploymentPostprocessing = 0;
		};
/* End PBXFrameworksBuildPhase section */

/* Begin PBXGroup section */
		063D6517A65B8DD9037975A7 /* Frameworks */ = {
			isa = PBXGroup;
			children = (
				FAB95CF6C1E707F6B974C40E /* Pods_FlowerClass.framework */,
			);
			name = Frameworks;
			sourceTree = "<group>";
		};
		3B6720442FE2FAADA7010F1F /* Pods */ = {
			isa = PBXGroup;
			children = (
				00BFE5ADD15D93F2D51E37F1 /* Pods-FlowerClass.debug.xcconfig */,
				F744AA2759474105D2DC550B /* Pods-FlowerClass.release.xcconfig */,
			);
			path = Pods;
			sourceTree = "<group>";
		};
		CA432B56247EB57F005D156B = {
			isa = PBXGroup;
			children = (
				CA432B61247EB57F005D156B /* FlowerClass */,
				CA432B60247EB57F005D156B /* Products */,
				3B6720442FE2FAADA7010F1F /* Pods */,
				063D6517A65B8DD9037975A7 /* Frameworks */,
			);
			sourceTree = "<group>";
		};
		CA432B60247EB57F005D156B /* Products */ = {
			isa = PBXGroup;
			children = (
				CA432B5F247EB57F005D156B /* FlowerClass.app */,
			);
			name = Products;
			sourceTree = "<group>";
		};
		CA432B61247EB57F005D156B /* FlowerClass */ = {
			isa = PBXGroup;
			children = (
				CA432B62247EB57F005D156B /* AppDelegate.swift */,
				CA432B64247EB57F005D156B /* SceneDelegate.swift */,
				CAADAADD24819CC70063F989 /* Model */,
				CAADAADC24819CB40063F989 /* View */,
				CAADAADB24819C980063F989 /* Controller */,
				CA432B6B247EB584005D156B /* Assets.xcassets */,
				CA432B6D247EB584005D156B /* LaunchScreen.storyboard */,
				CA432B70247EB584005D156B /* Info.plist */,
				FD658CA6260636850055759E /* FlowerClassifier.mlmodel */,
			);
			path = FlowerClass;
			sourceTree = "<group>";
		};
		CAADAADB24819C980063F989 /* Controller */ = {
			isa = PBXGroup;
			children = (
				CA432B66247EB57F005D156B /* ViewController.swift */,
			);
			path = Controller;
			sourceTree = "<group>";
		};
		CAADAADC24819CB40063F989 /* View */ = {
			isa = PBXGroup;
			children = (
				CA432B68247EB57F005D156B /* Main.storyboard */,
			);
			path = View;
			sourceTree = "<group>";
		};
		CAADAADD24819CC70063F989 /* Model */ = {
			isa = PBXGroup;
			children = (
				CA19E293248027EB00930B4B /* WikiData.swift */,
				CAADAAD82481845C0063F989 /* FlowerModel.swift */,
				CAA34A5A2482B10D00111BC8 /* WikiResults.swift */,
				CA91D79C247EEB820041465D /* Capitaliser.swift */,
			);
			path = Model;
			sourceTree = "<group>";
		};
/* End PBXGroup section */

/* Begin PBXNativeTarget section */
		CA432B5E247EB57F005D156B /* FlowerClass */ = {
			isa = PBXNativeTarget;
			buildConfigurationList = CA432B73247EB584005D156B /* Build configuration list for PBXNativeTarget "FlowerClass" */;
			buildPhases = (
				C97356C537A678BC3F4B0840 /* [CP] Check Pods Manifest.lock */,
				CA432B5B247EB57F005D156B /* Sources */,
				CA432B5C247EB57F005D156B /* Frameworks */,
				CA432B5D247EB57F005D156B /* Resources */,
				3F31320FE7B3258413B4D774 /* [CP] Embed Pods Frameworks */,
			);
			buildRules = (
			);
			dependencies = (
			);
			name = FlowerClass;
			productName = FlowerClass;
			productReference = CA432B5F247EB57F005D156B /* FlowerClass.app */;
			productType = "com.apple.product-type.application";
		};
/* End PBXNativeTarget section */

/* Begin PBXProject section */
		CA432B57247EB57F005D156B /* Project object */ = {
			isa = PBXProject;
			attributes = {
				LastSwiftUpdateCheck = 1150;
				LastUpgradeCheck = 1240;
				ORGANIZATIONNAME = "Nacho Ampuero";
				TargetAttributes = {
					CA432B5E247EB57F005D156B = {
						CreatedOnToolsVersion = 11.5;
					};
				};
			};
			buildConfigurationList = CA432B5A247EB57F005D156B /* Build configuration list for PBXProject "FlowerClass" */;
			compatibilityVersion = "Xcode 9.3";
			developmentRegion = en;
			hasScannedForEncodings = 0;
			knownRegions = (
				en,
				Base,
			);
			mainGroup = CA432B56247EB57F005D156B;
			productRefGroup = CA432B60247EB57F005D156B /* Products */;
			projectDirPath = "";
			projectRoot = "";
			targets = (
				CA432B5E247EB57F005D156B /* FlowerClass */,
			);
		};
/* End PBXProject section */

/* Begin PBXResourcesBuildPhase section */
		CA432B5D247EB57F005D156B /* Resources */ = {
			isa = PBXResourcesBuildPhase;
			buildActionMask = 2147483647;
			files = (
				CA432B6F247EB584005D156B /* LaunchScreen.storyboard in Resources */,
				CA432B6C247EB584005D156B /* Assets.xcassets in Resources */,
				CA432B6A247EB57F005D156B /* Main.storyboard in Resources */,
			);
			runOnlyForDeploymentPostprocessing = 0;
		};
/* End PBXResourcesBuildPhase section */

/* Begin PBXShellScriptBuildPhase section */
		3F31320FE7B3258413B4D774 /* [CP] Embed Pods Frameworks */ = {
			isa = PBXShellScriptBuildPhase;
			buildActionMask = 2147483647;
			files = (
			);
			inputFileListPaths = (
				"${PODS_ROOT}/Target Support Files/Pods-FlowerClass/Pods-FlowerClass-frameworks-${CONFIGURATION}-input-files.xcfilelist",
			);
			name = "[CP] Embed Pods Frameworks";
			outputFileListPaths = (
				"${PODS_ROOT}/Target Support Files/Pods-FlowerClass/Pods-FlowerClass-frameworks-${CONFIGURATION}-output-files.xcfilelist",
			);
			runOnlyForDeploymentPostprocessing = 0;
			shellPath = /bin/sh;
			shellScript = "\"${PODS_ROOT}/Target Support Files/Pods-FlowerClass/Pods-FlowerClass-frameworks.sh\"\n";
			showEnvVarsInLog = 0;
		};
		C97356C537A678BC3F4B0840 /* [CP] Check Pods Manifest.lock */ = {
			isa = PBXShellScriptBuildPhase;
			buildActionMask = 2147483647;
			files = (
			);
			inputFileListPaths = (
			);
			inputPaths = (
				"${PODS_PODFILE_DIR_PATH}/Podfile.lock",
				"${PODS_ROOT}/Manifest.lock",
			);
			name = "[CP] Check Pods Manifest.lock";
			outputFileListPaths = (
			);
			outputPaths = (
				"$(DERIVED_FILE_DIR)/Pods-FlowerClass-checkManifestLockResult.txt",
			);
			runOnlyForDeploymentPostprocessing = 0;
			shellPath = /bin/sh;
			shellScript = "diff \"${PODS_PODFILE_DIR_PATH}/Podfile.lock\" \"${PODS_ROOT}/Manifest.lock\" > /dev/null\nif [ $? != 0 ] ; then\n    # print error to STDERR\n    echo \"error: The sandbox is not in sync with the Podfile.lock. Run 'pod install' or update your CocoaPods installation.\" >&2\n    exit 1\nfi\n# This output is used by Xcode 'outputs' to avoid re-running this script phase.\necho \"SUCCESS\" > \"${SCRIPT_OUTPUT_FILE_0}\"\n";
			showEnvVarsInLog = 0;
		};
/* End PBXShellScriptBuildPhase section */

/* Begin PBXSourcesBuildPhase section */
		CA432B5B247EB57F005D156B /* Sources */ = {
			isa = PBXSourcesBuildPhase;
			buildActionMask = 2147483647;
			files = (
				CA91D79D247EEB820041465D /* Capitaliser.swift in Sources */,
				CAA34A5B2482B10D00111BC8 /* WikiResults.swift in Sources */,
				CA432B67247EB57F005D156B /* ViewController.swift in Sources */,
				CAADAAD92481845C0063F989 /* FlowerModel.swift in Sources */,
				FD658CA7260636850055759E /* FlowerClassifier.mlmodel in Sources */,
				CA432B63247EB57F005D156B /* AppDelegate.swift in Sources */,
				CA432B65247EB57F005D156B /* SceneDelegate.swift in Sources */,
				CA19E294248027EB00930B4B /* WikiData.swift in Sources */,
			);
			runOnlyForDeploymentPostprocessing = 0;
		};
/* End PBXSourcesBuildPhase section */

/* Begin PBXVariantGroup section */
		CA432B68247EB57F005D156B /* Main.storyboard */ = {
			isa = PBXVariantGroup;
			children = (
				CA432B69247EB57F005D156B /* Base */,
			);
			name = Main.storyboard;
			sourceTree = "<group>";
		};
		CA432B6D247EB584005D156B /* LaunchScreen.storyboard */ = {
			isa = PBXVariantGroup;
			children = (
				CA432B6E247EB584005D156B /* Base */,
			);
			name = LaunchScreen.storyboard;
			sourceTree = "<group>";
		};
/* End PBXVariantGroup section */

/* Begin XCBuildConfiguration section */
		CA432B71247EB584005D156B /* Debug */ = {
			isa = XCBuildConfiguration;
			buildSettings = {
				ALWAYS_SEARCH_USER_PATHS = NO;
				CLANG_ANALYZER_NONNULL = YES;
				CLANG_ANALYZER_NUMBER_OBJECT_CONVERSION = YES_AGGRESSIVE;
				CLANG_CXX_LANGUAGE_STANDARD = "gnu++14";
				CLANG_CXX_LIBRARY = "libc++";
				CLANG_ENABLE_MODULES = YES;
				CLANG_ENABLE_OBJC_ARC = YES;
				CLANG_ENABLE_OBJC_WEAK = YES;
				CLANG_WARN_BLOCK_CAPTURE_AUTORELEASING = YES;
				CLANG_WARN_BOOL_CONVERSION = YES;
				CLANG_WARN_COMMA = YES;
				CLANG_WARN_CONSTANT_CONVERSION = YES;
				CLANG_WARN_DEPRECATED_OBJC_IMPLEMENTATIONS = YES;
				CLANG_WARN_DIRECT_OBJC_ISA_USAGE = YES_ERROR;
				CLANG_WARN_DOCUMENTATION_COMMENTS = YES;
				CLANG_WARN_EMPTY_BODY = YES;
				CLANG_WARN_ENUM_CONVERSION = YES;
				CLANG_WARN_INFINITE_RECURSION = YES;
				CLANG_WARN_INT_CONVERSION = YES;
				CLANG_WARN_NON_LITERAL_NULL_CONVERSION = YES;
				CLANG_WARN_OBJC_IMPLICIT_RETAIN_SELF = YES;
				CLANG_WARN_OBJC_LITERAL_CONVERSION = YES;
				CLANG_WARN_OBJC_ROOT_CLASS = YES_ERROR;
				CLANG_WARN_QUOTED_INCLUDE_IN_FRAMEWORK_HEADER = YES;
				CLANG_WARN_RANGE_LOOP_ANALYSIS = YES;
				CLANG_WARN_STRICT_PROTOTYPES = YES;
				CLANG_WARN_SUSPICIOUS_MOVE = YES;
				CLANG_WARN_UNGUARDED_AVAILABILITY = YES_AGGRESSIVE;
				CLANG_WARN_UNREACHABLE_CODE = YES;
				CLANG_WARN__DUPLICATE_METHOD_MATCH = YES;
				COPY_PHASE_STRIP = NO;
				DEBUG_INFORMATION_FORMAT = dwarf;
				ENABLE_STRICT_OBJC_MSGSEND = YES;
				ENABLE_TESTABILITY = YES;
				GCC_C_LANGUAGE_STANDARD = gnu11;
				GCC_DYNAMIC_NO_PIC = NO;
				GCC_NO_COMMON_BLOCKS = YES;
				GCC_OPTIMIZATION_LEVEL = 0;
				GCC_PREPROCESSOR_DEFINITIONS = (
					"DEBUG=1",
					"$(inherited)",
				);
				GCC_WARN_64_TO_32_BIT_CONVERSION = YES;
				GCC_WARN_ABOUT_RETURN_TYPE = YES_ERROR;
				GCC_WARN_UNDECLARED_SELECTOR = YES;
				GCC_WARN_UNINITIALIZED_AUTOS = YES_AGGRESSIVE;
				GCC_WARN_UNUSED_FUNCTION = YES;
				GCC_WARN_UNUSED_VARIABLE = YES;
				IPHONEOS_DEPLOYMENT_TARGET = 13.5;
				MTL_ENABLE_DEBUG_INFO = INCLUDE_SOURCE;
				MTL_FAST_MATH = YES;
				ONLY_ACTIVE_ARCH = YES;
				SDKROOT = iphoneos;
				SWIFT_ACTIVE_COMPILATION_CONDITIONS = DEBUG;
				SWIFT_OPTIMIZATION_LEVEL = "-Onone";
			};
			name = Debug;
		};
		CA432B72247EB584005D156B /* Release */ = {
			isa = XCBuildConfiguration;
			buildSettings = {
				ALWAYS_SEARCH_USER_PATHS = NO;
				CLANG_ANALYZER_NONNULL = YES;
				CLANG_ANALYZER_NUMBER_OBJECT_CONVERSION = YES_AGGRESSIVE;
				CLANG_CXX_LANGUAGE_STANDARD = "gnu++14";
				CLANG_CXX_LIBRARY = "libc++";
				CLANG_ENABLE_MODULES = YES;
				CLANG_ENABLE_OBJC_ARC = YES;
				CLANG_ENABLE_OBJC_WEAK = YES;
				CLANG_WARN_BLOCK_CAPTURE_AUTORELEASING = YES;
				CLANG_WARN_BOOL_CONVERSION = YES;
				CLANG_WARN_COMMA = YES;
				CLANG_WARN_CONSTANT_CONVERSION = YES;
				CLANG_WARN_DEPRECATED_OBJC_IMPLEMENTATIONS = YES;
				CLANG_WARN_DIRECT_OBJC_ISA_USAGE = YES_ERROR;
				CLANG_WARN_DOCUMENTATION_COMMENTS = YES;
				CLANG_WARN_EMPTY_BODY = YES;
				CLANG_WARN_ENUM_CONVERSION = YES;
				CLANG_WARN_INFINITE_RECURSION = YES;
				CLANG_WARN_INT_CONVERSION = YES;
				CLANG_WARN_NON_LITERAL_NULL_CONVERSION = YES;
				CLANG_WARN_OBJC_IMPLICIT_RETAIN_SELF = YES;
				CLANG_WARN_OBJC_LITERAL_CONVERSION = YES;
				CLANG_WARN_OBJC_ROOT_CLASS = YES_ERROR;
				CLANG_WARN_QUOTED_INCLUDE_IN_FRAMEWORK_HEADER = YES;
				CLANG_WARN_RANGE_LOOP_ANALYSIS = YES;
				CLANG_WARN_STRICT_PROTOTYPES = YES;
				CLANG_WARN_SUSPICIOUS_MOVE = YES;
				CLANG_WARN_UNGUARDED_AVAILABILITY = YES_AGGRESSIVE;
				CLANG_WARN_UNREACHABLE_CODE = YES;
				CLANG_WARN__DUPLICATE_METHOD_MATCH = YES;
				COPY_PHASE_STRIP = NO;
				DEBUG_INFORMATION_FORMAT = "dwarf-with-dsym";
				ENABLE_NS_ASSERTIONS = NO;
				ENABLE_STRICT_OBJC_MSGSEND = YES;
				GCC_C_LANGUAGE_STANDARD = gnu11;
				GCC_NO_COMMON_BLOCKS = YES;
				GCC_WARN_64_TO_32_BIT_CONVERSION = YES;
				GCC_WARN_ABOUT_RETURN_TYPE = YES_ERROR;
				GCC_WARN_UNDECLARED_SELECTOR = YES;
				GCC_WARN_UNINITIALIZED_AUTOS = YES_AGGRESSIVE;
				GCC_WARN_UNUSED_FUNCTION = YES;
				GCC_WARN_UNUSED_VARIABLE = YES;
				IPHONEOS_DEPLOYMENT_TARGET = 13.5;
				MTL_ENABLE_DEBUG_INFO = NO;
				MTL_FAST_MATH = YES;
				SDKROOT = iphoneos;
				SWIFT_COMPILATION_MODE = wholemodule;
				SWIFT_OPTIMIZATION_LEVEL = "-O";
				VALIDATE_PRODUCT = YES;
			};
			name = Release;
		};
		CA432B74247EB584005D156B /* Debug */ = {
			isa = XCBuildConfiguration;
			baseConfigurationReference = 00BFE5ADD15D93F2D51E37F1 /* Pods-FlowerClass.debug.xcconfig */;
			buildSettings = {
				ASSETCATALOG_COMPILER_APPICON_NAME = AppIcon;
				CODE_SIGN_STYLE = Automatic;
				DEVELOPMENT_TEAM = W74SAJM8XK;
				INFOPLIST_FILE = FlowerClass/Info.plist;
				IPHONEOS_DEPLOYMENT_TARGET = 13.0;
				LD_RUNPATH_SEARCH_PATHS = (
					"$(inherited)",
					"@executable_path/Frameworks",
				);
				PRODUCT_BUNDLE_IDENTIFIER = com.nacho.ampuero.FlowerClass;
				PRODUCT_NAME = "$(TARGET_NAME)";
				SWIFT_VERSION = 5.0;
				TARGETED_DEVICE_FAMILY = "1,2";
			};
			name = Debug;
		};
		CA432B75247EB584005D156B /* Release */ = {
			isa = XCBuildConfiguration;
			baseConfigurationReference = F744AA2759474105D2DC550B /* Pods-FlowerClass.release.xcconfig */;
			buildSettings = {
				ASSETCATALOG_COMPILER_APPICON_NAME = AppIcon;
				CODE_SIGN_STYLE = Automatic;
				DEVELOPMENT_TEAM = W74SAJM8XK;
				INFOPLIST_FILE = FlowerClass/Info.plist;
				IPHONEOS_DEPLOYMENT_TARGET = 13.0;
				LD_RUNPATH_SEARCH_PATHS = (
					"$(inherited)",
					"@executable_path/Frameworks",
				);
				PRODUCT_BUNDLE_IDENTIFIER = com.nacho.ampuero.FlowerClass;
				PRODUCT_NAME = "$(TARGET_NAME)";
				SWIFT_VERSION = 5.0;
				TARGETED_DEVICE_FAMILY = "1,2";
			};
			name = Release;
		};
/* End XCBuildConfiguration section */

/* Begin XCConfigurationList section */
		CA432B5A247EB57F005D156B /* Build configuration list for PBXProject "FlowerClass" */ = {
			isa = XCConfigurationList;
			buildConfigurations = (
				CA432B71247EB584005D156B /* Debug */,
				CA432B72247EB584005D156B /* Release */,
			);
			defaultConfigurationIsVisible = 0;
			defaultConfigurationName = Release;
		};
		CA432B73247EB584005D156B /* Build configuration list for PBXNativeTarget "FlowerClass" */ = {
			isa = XCConfigurationList;
			buildConfigurations = (
				CA432B74247EB584005D156B /* Debug */,
				CA432B75247EB584005D156B /* Release */,
			);
			defaultConfigurationIsVisible = 0;
			defaultConfigurationName = Release;
		};
/* End XCConfigurationList section */
	};
	rootObject = CA432B57247EB57F005D156B /* Project object */;
}
